
Microsoft Visual Studio Solution File, Format Version 12.00
# Visual Studio Version 16
VisualStudioVersion = 16.0.33130.400
MinimumVisualStudioVersion = 10.0.40219.1
Project("{FAE04EC0-301F-11D3-BF4B-00C04F79EFBC}") = "WebApplication1", "WebApplication1\WebApplication1.csproj", "{CE94A39C-191F-46E8-9FCA-72624C95754C}"
EndProject
Global
	GlobalSection(SolutionConfigurationPlatforms) = preSolution
		Debug|Any CPU = Debug|Any CPU
		Release|Any CPU = Release|Any CPU
	EndGlobalSection
	GlobalSection(ProjectConfigurationPlatforms) = postSolution
		{CE94A39C-191F-46E8-9FCA-72624C95754C}.Debug|Any CPU.ActiveCfg = Debug|Any CPU
		{CE94A39C-191F-46E8-9FCA-72624C95754C}.Debug|Any CPU.Build.0 = Debug|Any CPU
		{CE94A39C-191F-46E8-9FCA-72624C95754C}.Release|Any CPU.ActiveCfg = Release|Any CPU
		{CE94A39C-191F-46E8-9FCA-72624C95754C}.Release|Any CPU.Build.0 = Release|Any CPU
	EndGlobalSection
	GlobalSection(SolutionProperties) = preSolution
		HideSolutionNode = FALSE
	EndGlobalSection
	GlobalSection(ExtensibilityGlobals) = postSolution
		SolutionGuid = {6F514213-46DC-43FF-8CF5-25F69E132064}
	EndGlobalSection
EndGlobal
